
Microsoft Visual Studio Solution File, Format Version 12.00
# Visual Studio Version 17
VisualStudioVersion = 17.13.35919.96 d17.13
MinimumVisualStudioVersion = 10.0.40219.1
Project("{FAE04EC0-301F-11D3-BF4B-00C04F79EFBC}") = "ex11", "ex11\ex11.csproj", "{5CB959EA-C04A-412B-996F-90C0BCCF2245}"
EndProject
Global
	GlobalSection(SolutionConfigurationPlatforms) = preSolution
		Debug|Any CPU = Debug|Any CPU
		Release|Any CPU = Release|Any CPU
	EndGlobalSection
	GlobalSection(ProjectConfigurationPlatforms) = postSolution
		{5CB959EA-C04A-412B-996F-90C0BCCF2245}.Debug|Any CPU.ActiveCfg = Debug|Any CPU
		{5CB959EA-C04A-412B-996F-90C0BCCF2245}.Debug|Any CPU.Build.0 = Debug|Any CPU
		{5CB959EA-C04A-412B-996F-90C0BCCF2245}.Release|Any CPU.ActiveCfg = Release|Any CPU
		{5CB959EA-C04A-412B-996F-90C0BCCF2245}.Release|Any CPU.Build.0 = Release|Any CPU
	EndGlobalSection
	GlobalSection(SolutionProperties) = preSolution
		HideSolutionNode = FALSE
	EndGlobalSection
	GlobalSection(ExtensibilityGlobals) = postSolution
		SolutionGuid = {A9E809F2-DA20-4140-83AB-DB3A608D375C}
	EndGlobalSection
EndGlobal
